// !$*UTF8*$!
{
	archiveVersion = 1;
	classes = {
	};
	objectVersion = 46;
	objects = {

/* Begin PBXBuildFile section */
		0451D8D20DFF5B39CD82D4B0 /* GameView.swift in Sources */ = {isa = PBXBuildFile; fileRef = 89E129FCD55504B04C808780 /* GameView.swift */; };
		048CF37A08D3894B81447366 /* LibrarySectionListView.swift in Sources */ = {isa = PBXBuildFile; fileRef = 273AA64402BB797DA160C40E /* LibrarySectionListView.swift */; };
		048E28D234B52FC13192A616 /* Alamofire in Frameworks */ = {isa = PBXBuildFile; productRef = 42F78FDB00BC9A4CB52416ED /* Alamofire */; };
		0B440ED7ED65FD45052E220B /* Foundation.framework in Frameworks */ = {isa = PBXBuildFile; fileRef = A2AEFAEDC7C9BFF88C343C5A /* Foundation.framework */; };
		11B87ECA7BBDEF8A694E4A5F /* RecommendModels.swift in Sources */ = {isa = PBXBuildFile; fileRef = CE09A8191764882DE227734E /* RecommendModels.swift */; };
		15E241DDA3CBBDC19F5E74F0 /* ProfileViewModel.swift in Sources */ = {isa = PBXBuildFile; fileRef = 980833980A939E91CE599063 /* ProfileViewModel.swift */; };
		1689D0EB5EBBFDFF9658BEE8 /* BackendAPIClient.swift in Sources */ = {isa = PBXBuildFile; fileRef = 2B08595C8DAAF7A28859E96F /* BackendAPIClient.swift */; };
		1A7CF2459D2F76082922CE9C /* SystemApis.swift in Sources */ = {isa = PBXBuildFile; fileRef = A9B6CF06E2F2A00E4D3D7FC8 /* SystemApis.swift */; };
		2040B1E7175D1DC9692CE8D1 /* RecommendViewModel.swift in Sources */ = {isa = PBXBuildFile; fileRef = 5945373D56FDE0758ADD1323 /* RecommendViewModel.swift */; };
		2310C236BF83BE584CEC90F4 /* CapsuleMenuOverlay.swift in Sources */ = {isa = PBXBuildFile; fileRef = 70B0AAECAEADC8EDA7C22DF0 /* CapsuleMenuOverlay.swift */; };
		268ADC1F677A5E7885478415 /* CloudSyncStore.swift in Sources */ = {isa = PBXBuildFile; fileRef = F61C3F2412594C11D792D0C3 /* CloudSyncStore.swift */; };
		2AC80A5F654AB7043E3E6DCF /* GameCatalogService.swift in Sources */ = {isa = PBXBuildFile; fileRef = 8E9EE1B9CC8C5E51750133C4 /* GameCatalogService.swift */; };
		2FFFD30948148B51FB6BEE87 /* GameLaunchCoordinator.swift in Sources */ = {isa = PBXBuildFile; fileRef = 8D8D018FF7B65F5D2901B48B /* GameLaunchCoordinator.swift */; };
		3A453DFD946805EC11000FBE /* GameRuntimeProfileService.swift in Sources */ = {isa = PBXBuildFile; fileRef = 65561184B3D5D89177EEDAAF /* GameRuntimeProfileService.swift */; };
		3C8CE57F730B431E2A8EA329 /* GameStorageManagerProtocol.swift in Sources */ = {isa = PBXBuildFile; fileRef = E14B2B042DB8E60154125CDD /* GameStorageManagerProtocol.swift */; };
		3DDF9CC5B7CF54F13C1C3CC1 /* OtherApis.swift in Sources */ = {isa = PBXBuildFile; fileRef = D051EDFDBB696E9FC4534408 /* OtherApis.swift */; };
		3EB6F7B41C759B63DCA6DFD3 /* UnsupportedApi.swift in Sources */ = {isa = PBXBuildFile; fileRef = 3C7E97926027BFEB0B2683FF /* UnsupportedApi.swift */; };
		44BFE542D049527FCD670932 /* GameDetailView.swift in Sources */ = {isa = PBXBuildFile; fileRef = 3D0B7CD28E71AA50471ADC6F /* GameDetailView.swift */; };
		46E7541EEBA2866CAECEFBBA /* GameListView.swift in Sources */ = {isa = PBXBuildFile; fileRef = 2ADD446D41C6B70AA2C8A707 /* GameListView.swift */; };
		48C7B424911D5D24AB9A6118 /* JSBridge.swift in Sources */ = {isa = PBXBuildFile; fileRef = 9F094736DB77A87FC7FB7F5D /* JSBridge.swift */; };
		48CF73CF4F73BCF14E1527C3 /* DiscoverView.swift in Sources */ = {isa = PBXBuildFile; fileRef = E1F85B3537A7954986DCB9E7 /* DiscoverView.swift */; };
		4ABD7249C8C8E648BE903EB3 /* DeviceSessionService.swift in Sources */ = {isa = PBXBuildFile; fileRef = 140C6AE8EDF04687EB605717 /* DeviceSessionService.swift */; };
		4F0A820306C5F5C597F80FB1 /* PasswordVisibilityField.swift in Sources */ = {isa = PBXBuildFile; fileRef = 75D79C086FA6DDC05C769C74 /* PasswordVisibilityField.swift */; };
		5F784D8BE8FFADFA23C0C1F5 /* RecommendDetailView.swift in Sources */ = {isa = PBXBuildFile; fileRef = E953D249F23208951FD12B41 /* RecommendDetailView.swift */; };
		60E051B3CEE97E6B6C268577 /* UpdateCheckService.swift in Sources */ = {isa = PBXBuildFile; fileRef = 4CAE1EE3E4F0ABADB7C6C08B /* UpdateCheckService.swift */; };
		64229144D8931867595C6DA3 /* StorageApi.swift in Sources */ = {isa = PBXBuildFile; fileRef = 2D4B31C9EE0480B60B10486B /* StorageApi.swift */; };
		6A1B989787EE27625366E1ED /* GameDetailViewModel.swift in Sources */ = {isa = PBXBuildFile; fileRef = 9FF754C1131C4E2BA4F128D2 /* GameDetailViewModel.swift */; };
		6AC7F11DE44A5597EFD6E921 /* AppTheme.swift in Sources */ = {isa = PBXBuildFile; fileRef = 9922557113417F9A63C8D623 /* AppTheme.swift */; };
		6D380BE405AA4ED2AF80D62C /* LibraryView.swift in Sources */ = {isa = PBXBuildFile; fileRef = F271D9A6EF2D4E9A186E7257 /* LibraryView.swift */; };
		6E7E6E77546CFC35496B7D4D /* AuthFlowView.swift in Sources */ = {isa = PBXBuildFile; fileRef = 9A8FD45942922235420E2507 /* AuthFlowView.swift */; };
		7473C7F94E87081F8D9F8A17 /* LaunchExperienceView.swift in Sources */ = {isa = PBXBuildFile; fileRef = F3A1AD2D738C0DBC1BC36F36 /* LaunchExperienceView.swift */; };
		7FE413AD0BA825F9CA87D270 /* AuthSessionStore.swift in Sources */ = {isa = PBXBuildFile; fileRef = 66B8A46E55E8315D981AA16F /* AuthSessionStore.swift */; };
		829D16124705424DE1CD67D6 /* DiscoverHomeService.swift in Sources */ = {isa = PBXBuildFile; fileRef = 531D901EBA5993AE3A0EE8BA /* DiscoverHomeService.swift */; };
		831C47FE00101D52BA867601 /* UserProfileService.swift in Sources */ = {isa = PBXBuildFile; fileRef = F679D244A976124083D48A46 /* UserProfileService.swift */; };
		84432EB39BFA99017FD32530 /* AuthGateLaunchLink.swift in Sources */ = {isa = PBXBuildFile; fileRef = E27FCE26A5905D8B6E9B6091 /* AuthGateLaunchLink.swift */; };
		891F218BDDFDFCFED5D274B1 /* SwiftyJSON in Frameworks */ = {isa = PBXBuildFile; productRef = 2706E93C5E40F2D61BFE3697 /* SwiftyJSON */; };
		89B52EAE04B5E9BDF1687FD6 /* ReferralService.swift in Sources */ = {isa = PBXBuildFile; fileRef = 7FB22EBDEA52F2D813C3A546 /* ReferralService.swift */; };
		8BAF279C335872210E2D2CAC /* GameEngagementStore.swift in Sources */ = {isa = PBXBuildFile; fileRef = 822881CF881AE495BE32F81A /* GameEngagementStore.swift */; };
		8CB68AF61AF6ED11D27EAB40 /* ReferralView.swift in Sources */ = {isa = PBXBuildFile; fileRef = 9C25C521AAAC415B46C49876 /* ReferralView.swift */; };
		90724EDB92CEE979AB0E05C1 /* NetworkApis.swift in Sources */ = {isa = PBXBuildFile; fileRef = 8B6808F6B643937025666BB4 /* NetworkApis.swift */; };
		962473E71DE4A34F2B98B8B0 /* GameWebView.swift in Sources */ = {isa = PBXBuildFile; fileRef = B9780E3DC022BF735F7F9007 /* GameWebView.swift */; };
		962B9244393AEBDA5E8D89A6 /* RecommendService.swift in Sources */ = {isa = PBXBuildFile; fileRef = 97D98CE9F721A90F2AFC5C64 /* RecommendService.swift */; };
		96A7CE6DF37A946C15C04BFD /* AccountSecurityView.swift in Sources */ = {isa = PBXBuildFile; fileRef = B5F0A911B8FC7C15E8E168C8 /* AccountSecurityView.swift */; };
		A0FB4D70CBC35554580A4AD6 /* MIMETypeResolver.swift in Sources */ = {isa = PBXBuildFile; fileRef = 130228AE1F12ED7ACD17C1A0 /* MIMETypeResolver.swift */; };
		A46B73CD6ABEB1DB8520AFCB /* DiscoverRankingView.swift in Sources */ = {isa = PBXBuildFile; fileRef = 26715E16229C07B7F980F4E1 /* DiscoverRankingView.swift */; };
		AC5A2B8E69CD2D8353DAF07E /* DefaultBridgeAPIs.swift in Sources */ = {isa = PBXBuildFile; fileRef = 3DDDDEB069AE27A9399D478E /* DefaultBridgeAPIs.swift */; };
		AFE7CC7D70FC91D029927B49 /* Game.swift in Sources */ = {isa = PBXBuildFile; fileRef = 0808A7391CDEB056A4DE7858 /* Game.swift */; };
		B19B772274988D2D0E4CA9EC /* LegalConfigService.swift in Sources */ = {isa = PBXBuildFile; fileRef = 4AD3A946820287FD9DFA8FCC /* LegalConfigService.swift */; };
		B75E91E728785CA7641F4578 /* LocalGameMetadataResolver.swift in Sources */ = {isa = PBXBuildFile; fileRef = 1141480F3BF8806C474DB741 /* LocalGameMetadataResolver.swift */; };
		BA23D11E35C2BAE5F3D9D07E /* LibraryViewModel.swift in Sources */ = {isa = PBXBuildFile; fileRef = B8AE0F92472AAC76771A6DA9 /* LibraryViewModel.swift */; };
		BC4F80A0EB62770A8DB8B464 /* NexusSchemeHandler.swift in Sources */ = {isa = PBXBuildFile; fileRef = A922D3089F5C3856E574AB0D /* NexusSchemeHandler.swift */; };
		BCC87D1CC2004AEF3BEC72B8 /* AppLaunchStore.swift in Sources */ = {isa = PBXBuildFile; fileRef = 52BFBFB5DE5195EA0C4CBD0B /* AppLaunchStore.swift */; };
		C36EF3A632ED29A37A8A409D /* AuthService.swift in Sources */ = {isa = PBXBuildFile; fileRef = C5AD134CA96BD24EC16C442C /* AuthService.swift */; };
		C42FF2A73EF5FD3DA935CBAF /* BillingDetailView.swift in Sources */ = {isa = PBXBuildFile; fileRef = 0144343B14DBA07C9186DD2B /* BillingDetailView.swift */; };
		C4A4966B66BC7046233CDAD2 /* App.swift in Sources */ = {isa = PBXBuildFile; fileRef = 42C43D27257375414D6A641B /* App.swift */; };
		C4B625556B9BB14994EFC3FA /* ReceiptPageView.swift in Sources */ = {isa = PBXBuildFile; fileRef = 2FFD8CDD6346F9F65A079B50 /* ReceiptPageView.swift */; };
		C502DE6AA8AC408D3D1191B3 /* AppLanguageStore.swift in Sources */ = {isa = PBXBuildFile; fileRef = 992740077A5AB7DB41B8337B /* AppLanguageStore.swift */; };
		CB39FA40F3DE170DBEB62A16 /* ProfileView.swift in Sources */ = {isa = PBXBuildFile; fileRef = 54D6977E737ED401683C9E1A /* ProfileView.swift */; };
		CE9FE39F5CBD53F51C263926 /* NexusBridge.swift in Sources */ = {isa = PBXBuildFile; fileRef = 00F0D6EAF432E9609662DD18 /* NexusBridge.swift */; };
		D08D3CE55ACC078BC7BBC831 /* LibraryHomeService.swift in Sources */ = {isa = PBXBuildFile; fileRef = 151EAF82E9EF87C9B13F2101 /* LibraryHomeService.swift */; };
		D11000224671A90B7176F070 /* SandboxFileResolver.swift in Sources */ = {isa = PBXBuildFile; fileRef = B3762627FD8C50ACF68B3218 /* SandboxFileResolver.swift */; };
		D5999153364B5F496938B3EC /* BillingService.swift in Sources */ = {isa = PBXBuildFile; fileRef = 7908BE5C04D03549BC4FACC5 /* BillingService.swift */; };
		D89237926571B669998D6525 /* ZIPFoundation in Frameworks */ = {isa = PBXBuildFile; productRef = 9DF794F41F41BCAE9CB2008A /* ZIPFoundation */; };
		DC083047B3D9BDC8631B7BD8 /* WalletService.swift in Sources */ = {isa = PBXBuildFile; fileRef = B47E6CA6706A152E5550A2A4 /* WalletService.swift */; };
		DEEC1D5FA63836BCBED27BE5 /* DiscoverViewModel.swift in Sources */ = {isa = PBXBuildFile; fileRef = 714B1699CD6574FC657065C4 /* DiscoverViewModel.swift */; };
		DFFCACE5D5623CF6D48529EE /* WebViewConfigBuilder.swift in Sources */ = {isa = PBXBuildFile; fileRef = 863D8B431E1DD97C75EBD7FF /* WebViewConfigBuilder.swift */; };
		EC0987DDB5766C988E46CBF1 /* RecommendView.swift in Sources */ = {isa = PBXBuildFile; fileRef = 2F55BFC217640EC12AE2E995 /* RecommendView.swift */; };
		F4301680554CC16C0C144C1A /* RuntimeUpdateStateStore.swift in Sources */ = {isa = PBXBuildFile; fileRef = 46FA538A7DDEDB83D3FC8930 /* RuntimeUpdateStateStore.swift */; };
		F6404DC4939078188058DD58 /* ApiHandler.swift in Sources */ = {isa = PBXBuildFile; fileRef = 3BBCBCD9B796DF65675FA8C9 /* ApiHandler.swift */; };
		F847C586D13543E8FC2585C2 /* VersionedGameStorageManager.swift in Sources */ = {isa = PBXBuildFile; fileRef = B257875D65025DC5613C2075 /* VersionedGameStorageManager.swift */; };
		F8512952E0A51B1C23952BEF /* JSBridgeProtocol.swift in Sources */ = {isa = PBXBuildFile; fileRef = F582EDAA1F09FBC0E40B9BAD /* JSBridgeProtocol.swift */; };
		F93203DF19856F101D3661F7 /* GameManager.swift in Sources */ = {isa = PBXBuildFile; fileRef = 3ADC38F6E86FEB5C61B32BBA /* GameManager.swift */; };
/* End PBXBuildFile section */

/* Begin PBXFileReference section */
		00F0D6EAF432E9609662DD18 /* NexusBridge.swift */ = {isa = PBXFileReference; includeInIndex = 1; lastKnownFileType = sourcecode.swift; path = NexusBridge.swift; sourceTree = "<group>"; };
		0144343B14DBA07C9186DD2B /* BillingDetailView.swift */ = {isa = PBXFileReference; includeInIndex = 1; lastKnownFileType = sourcecode.swift; path = BillingDetailView.swift; sourceTree = "<group>"; };
		0808A7391CDEB056A4DE7858 /* Game.swift */ = {isa = PBXFileReference; includeInIndex = 1; lastKnownFileType = sourcecode.swift; path = Game.swift; sourceTree = "<group>"; };
		1141480F3BF8806C474DB741 /* LocalGameMetadataResolver.swift */ = {isa = PBXFileReference; includeInIndex = 1; lastKnownFileType = sourcecode.swift; path = LocalGameMetadataResolver.swift; sourceTree = "<group>"; };
		130228AE1F12ED7ACD17C1A0 /* MIMETypeResolver.swift */ = {isa = PBXFileReference; includeInIndex = 1; lastKnownFileType = sourcecode.swift; path = MIMETypeResolver.swift; sourceTree = "<group>"; };
		140C6AE8EDF04687EB605717 /* DeviceSessionService.swift */ = {isa = PBXFileReference; includeInIndex = 1; lastKnownFileType = sourcecode.swift; path = DeviceSessionService.swift; sourceTree = "<group>"; };
		151EAF82E9EF87C9B13F2101 /* LibraryHomeService.swift */ = {isa = PBXFileReference; includeInIndex = 1; lastKnownFileType = sourcecode.swift; path = LibraryHomeService.swift; sourceTree = "<group>"; };
		1BA6783903E7B7BBF58E887D /* NexusPlatformApp.app */ = {isa = PBXFileReference; explicitFileType = wrapper.application; includeInIndex = 0; path = NexusPlatformApp.app; sourceTree = BUILT_PRODUCTS_DIR; };
		26715E16229C07B7F980F4E1 /* DiscoverRankingView.swift */ = {isa = PBXFileReference; includeInIndex = 1; lastKnownFileType = sourcecode.swift; path = DiscoverRankingView.swift; sourceTree = "<group>"; };
		273AA64402BB797DA160C40E /* LibrarySectionListView.swift */ = {isa = PBXFileReference; includeInIndex = 1; lastKnownFileType = sourcecode.swift; path = LibrarySectionListView.swift; sourceTree = "<group>"; };
		2ADD446D41C6B70AA2C8A707 /* GameListView.swift */ = {isa = PBXFileReference; includeInIndex = 1; lastKnownFileType = sourcecode.swift; path = GameListView.swift; sourceTree = "<group>"; };
		2B08595C8DAAF7A28859E96F /* BackendAPIClient.swift */ = {isa = PBXFileReference; includeInIndex = 1; lastKnownFileType = sourcecode.swift; path = BackendAPIClient.swift; sourceTree = "<group>"; };
		2D4B31C9EE0480B60B10486B /* StorageApi.swift */ = {isa = PBXFileReference; includeInIndex = 1; lastKnownFileType = sourcecode.swift; path = StorageApi.swift; sourceTree = "<group>"; };
		2F55BFC217640EC12AE2E995 /* RecommendView.swift */ = {isa = PBXFileReference; includeInIndex = 1; lastKnownFileType = sourcecode.swift; path = RecommendView.swift; sourceTree = "<group>"; };
		2FFD8CDD6346F9F65A079B50 /* ReceiptPageView.swift */ = {isa = PBXFileReference; includeInIndex = 1; lastKnownFileType = sourcecode.swift; path = ReceiptPageView.swift; sourceTree = "<group>"; };
		3ADC38F6E86FEB5C61B32BBA /* GameManager.swift */ = {isa = PBXFileReference; includeInIndex = 1; lastKnownFileType = sourcecode.swift; path = GameManager.swift; sourceTree = "<group>"; };
		3BBCBCD9B796DF65675FA8C9 /* ApiHandler.swift */ = {isa = PBXFileReference; includeInIndex = 1; lastKnownFileType = sourcecode.swift; path = ApiHandler.swift; sourceTree = "<group>"; };
		3C7E97926027BFEB0B2683FF /* UnsupportedApi.swift */ = {isa = PBXFileReference; includeInIndex = 1; lastKnownFileType = sourcecode.swift; path = UnsupportedApi.swift; sourceTree = "<group>"; };
		3D0B7CD28E71AA50471ADC6F /* GameDetailView.swift */ = {isa = PBXFileReference; includeInIndex = 1; lastKnownFileType = sourcecode.swift; path = GameDetailView.swift; sourceTree = "<group>"; };
		3DDDDEB069AE27A9399D478E /* DefaultBridgeAPIs.swift */ = {isa = PBXFileReference; includeInIndex = 1; lastKnownFileType = sourcecode.swift; path = DefaultBridgeAPIs.swift; sourceTree = "<group>"; };
		42C43D27257375414D6A641B /* App.swift */ = {isa = PBXFileReference; includeInIndex = 1; lastKnownFileType = sourcecode.swift; path = App.swift; sourceTree = "<group>"; };
		46FA538A7DDEDB83D3FC8930 /* RuntimeUpdateStateStore.swift */ = {isa = PBXFileReference; includeInIndex = 1; lastKnownFileType = sourcecode.swift; path = RuntimeUpdateStateStore.swift; sourceTree = "<group>"; };
		4AD3A946820287FD9DFA8FCC /* LegalConfigService.swift */ = {isa = PBXFileReference; includeInIndex = 1; lastKnownFileType = sourcecode.swift; path = LegalConfigService.swift; sourceTree = "<group>"; };
		4CAE1EE3E4F0ABADB7C6C08B /* UpdateCheckService.swift */ = {isa = PBXFileReference; includeInIndex = 1; lastKnownFileType = sourcecode.swift; path = UpdateCheckService.swift; sourceTree = "<group>"; };
		52BFBFB5DE5195EA0C4CBD0B /* AppLaunchStore.swift */ = {isa = PBXFileReference; includeInIndex = 1; lastKnownFileType = sourcecode.swift; path = AppLaunchStore.swift; sourceTree = "<group>"; };
		531D901EBA5993AE3A0EE8BA /* DiscoverHomeService.swift */ = {isa = PBXFileReference; includeInIndex = 1; lastKnownFileType = sourcecode.swift; path = DiscoverHomeService.swift; sourceTree = "<group>"; };
		54D6977E737ED401683C9E1A /* ProfileView.swift */ = {isa = PBXFileReference; includeInIndex = 1; lastKnownFileType = sourcecode.swift; path = ProfileView.swift; sourceTree = "<group>"; };
		5945373D56FDE0758ADD1323 /* RecommendViewModel.swift */ = {isa = PBXFileReference; includeInIndex = 1; lastKnownFileType = sourcecode.swift; path = RecommendViewModel.swift; sourceTree = "<group>"; };
		65561184B3D5D89177EEDAAF /* GameRuntimeProfileService.swift */ = {isa = PBXFileReference; includeInIndex = 1; lastKnownFileType = sourcecode.swift; path = GameRuntimeProfileService.swift; sourceTree = "<group>"; };
		66B8A46E55E8315D981AA16F /* AuthSessionStore.swift */ = {isa = PBXFileReference; includeInIndex = 1; lastKnownFileType = sourcecode.swift; path = AuthSessionStore.swift; sourceTree = "<group>"; };
		70B0AAECAEADC8EDA7C22DF0 /* CapsuleMenuOverlay.swift */ = {isa = PBXFileReference; includeInIndex = 1; lastKnownFileType = sourcecode.swift; path = CapsuleMenuOverlay.swift; sourceTree = "<group>"; };
		714B1699CD6574FC657065C4 /* DiscoverViewModel.swift */ = {isa = PBXFileReference; includeInIndex = 1; lastKnownFileType = sourcecode.swift; path = DiscoverViewModel.swift; sourceTree = "<group>"; };
		75D79C086FA6DDC05C769C74 /* PasswordVisibilityField.swift */ = {isa = PBXFileReference; includeInIndex = 1; lastKnownFileType = sourcecode.swift; path = PasswordVisibilityField.swift; sourceTree = "<group>"; };
		7908BE5C04D03549BC4FACC5 /* BillingService.swift */ = {isa = PBXFileReference; includeInIndex = 1; lastKnownFileType = sourcecode.swift; path = BillingService.swift; sourceTree = "<group>"; };
		7FB22EBDEA52F2D813C3A546 /* ReferralService.swift */ = {isa = PBXFileReference; includeInIndex = 1; lastKnownFileType = sourcecode.swift; path = ReferralService.swift; sourceTree = "<group>"; };
		822881CF881AE495BE32F81A /* GameEngagementStore.swift */ = {isa = PBXFileReference; includeInIndex = 1; lastKnownFileType = sourcecode.swift; path = GameEngagementStore.swift; sourceTree = "<group>"; };
		863D8B431E1DD97C75EBD7FF /* WebViewConfigBuilder.swift */ = {isa = PBXFileReference; includeInIndex = 1; lastKnownFileType = sourcecode.swift; path = WebViewConfigBuilder.swift; sourceTree = "<group>"; };
		89E129FCD55504B04C808780 /* GameView.swift */ = {isa = PBXFileReference; includeInIndex = 1; lastKnownFileType = sourcecode.swift; path = GameView.swift; sourceTree = "<group>"; };
		8B6808F6B643937025666BB4 /* NetworkApis.swift */ = {isa = PBXFileReference; includeInIndex = 1; lastKnownFileType = sourcecode.swift; path = NetworkApis.swift; sourceTree = "<group>"; };
		8D8D018FF7B65F5D2901B48B /* GameLaunchCoordinator.swift */ = {isa = PBXFileReference; includeInIndex = 1; lastKnownFileType = sourcecode.swift; path = GameLaunchCoordinator.swift; sourceTree = "<group>"; };
		8E9EE1B9CC8C5E51750133C4 /* GameCatalogService.swift */ = {isa = PBXFileReference; includeInIndex = 1; lastKnownFileType = sourcecode.swift; path = GameCatalogService.swift; sourceTree = "<group>"; };
		9752FC36BE02B18ECC93CB14 /* Info.plist */ = {isa = PBXFileReference; includeInIndex = 1; lastKnownFileType = text.plist.xml; path = Info.plist; sourceTree = "<group>"; };
		97D98CE9F721A90F2AFC5C64 /* RecommendService.swift */ = {isa = PBXFileReference; includeInIndex = 1; lastKnownFileType = sourcecode.swift; path = RecommendService.swift; sourceTree = "<group>"; };
		980833980A939E91CE599063 /* ProfileViewModel.swift */ = {isa = PBXFileReference; includeInIndex = 1; lastKnownFileType = sourcecode.swift; path = ProfileViewModel.swift; sourceTree = "<group>"; };
		9922557113417F9A63C8D623 /* AppTheme.swift */ = {isa = PBXFileReference; includeInIndex = 1; lastKnownFileType = sourcecode.swift; path = AppTheme.swift; sourceTree = "<group>"; };
		992740077A5AB7DB41B8337B /* AppLanguageStore.swift */ = {isa = PBXFileReference; includeInIndex = 1; lastKnownFileType = sourcecode.swift; path = AppLanguageStore.swift; sourceTree = "<group>"; };
		9A8FD45942922235420E2507 /* AuthFlowView.swift */ = {isa = PBXFileReference; includeInIndex = 1; lastKnownFileType = sourcecode.swift; path = AuthFlowView.swift; sourceTree = "<group>"; };
		9C25C521AAAC415B46C49876 /* ReferralView.swift */ = {isa = PBXFileReference; includeInIndex = 1; lastKnownFileType = sourcecode.swift; path = ReferralView.swift; sourceTree = "<group>"; };
		9F094736DB77A87FC7FB7F5D /* JSBridge.swift */ = {isa = PBXFileReference; includeInIndex = 1; lastKnownFileType = sourcecode.swift; path = JSBridge.swift; sourceTree = "<group>"; };
		9FF754C1131C4E2BA4F128D2 /* GameDetailViewModel.swift */ = {isa = PBXFileReference; includeInIndex = 1; lastKnownFileType = sourcecode.swift; path = GameDetailViewModel.swift; sourceTree = "<group>"; };
		A2AEFAEDC7C9BFF88C343C5A /* Foundation.framework */ = {isa = PBXFileReference; lastKnownFileType = wrapper.framework; name = Foundation.framework; path = Platforms/iPhoneOS.platform/Developer/SDKs/iPhoneOS18.0.sdk/System/Library/Frameworks/Foundation.framework; sourceTree = DEVELOPER_DIR; };
		A922D3089F5C3856E574AB0D /* NexusSchemeHandler.swift */ = {isa = PBXFileReference; includeInIndex = 1; lastKnownFileType = sourcecode.swift; path = NexusSchemeHandler.swift; sourceTree = "<group>"; };
		A9B6CF06E2F2A00E4D3D7FC8 /* SystemApis.swift */ = {isa = PBXFileReference; includeInIndex = 1; lastKnownFileType = sourcecode.swift; path = SystemApis.swift; sourceTree = "<group>"; };
		B257875D65025DC5613C2075 /* VersionedGameStorageManager.swift */ = {isa = PBXFileReference; includeInIndex = 1; lastKnownFileType = sourcecode.swift; path = VersionedGameStorageManager.swift; sourceTree = "<group>"; };
		B3762627FD8C50ACF68B3218 /* SandboxFileResolver.swift */ = {isa = PBXFileReference; includeInIndex = 1; lastKnownFileType = sourcecode.swift; path = SandboxFileResolver.swift; sourceTree = "<group>"; };
		B47E6CA6706A152E5550A2A4 /* WalletService.swift */ = {isa = PBXFileReference; includeInIndex = 1; lastKnownFileType = sourcecode.swift; path = WalletService.swift; sourceTree = "<group>"; };
		B5F0A911B8FC7C15E8E168C8 /* AccountSecurityView.swift */ = {isa = PBXFileReference; includeInIndex = 1; lastKnownFileType = sourcecode.swift; path = AccountSecurityView.swift; sourceTree = "<group>"; };
		B8AE0F92472AAC76771A6DA9 /* LibraryViewModel.swift */ = {isa = PBXFileReference; includeInIndex = 1; lastKnownFileType = sourcecode.swift; path = LibraryViewModel.swift; sourceTree = "<group>"; };
		B9780E3DC022BF735F7F9007 /* GameWebView.swift */ = {isa = PBXFileReference; includeInIndex = 1; lastKnownFileType = sourcecode.swift; path = GameWebView.swift; sourceTree = "<group>"; };
		C5AD134CA96BD24EC16C442C /* AuthService.swift */ = {isa = PBXFileReference; includeInIndex = 1; lastKnownFileType = sourcecode.swift; path = AuthService.swift; sourceTree = "<group>"; };
		CE09A8191764882DE227734E /* RecommendModels.swift */ = {isa = PBXFileReference; includeInIndex = 1; lastKnownFileType = sourcecode.swift; path = RecommendModels.swift; sourceTree = "<group>"; };
		D051EDFDBB696E9FC4534408 /* OtherApis.swift */ = {isa = PBXFileReference; includeInIndex = 1; lastKnownFileType = sourcecode.swift; path = OtherApis.swift; sourceTree = "<group>"; };
		E14B2B042DB8E60154125CDD /* GameStorageManagerProtocol.swift */ = {isa = PBXFileReference; includeInIndex = 1; lastKnownFileType = sourcecode.swift; path = GameStorageManagerProtocol.swift; sourceTree = "<group>"; };
		E1F85B3537A7954986DCB9E7 /* DiscoverView.swift */ = {isa = PBXFileReference; includeInIndex = 1; lastKnownFileType = sourcecode.swift; path = DiscoverView.swift; sourceTree = "<group>"; };
		E27FCE26A5905D8B6E9B6091 /* AuthGateLaunchLink.swift */ = {isa = PBXFileReference; includeInIndex = 1; lastKnownFileType = sourcecode.swift; path = AuthGateLaunchLink.swift; sourceTree = "<group>"; };
		E953D249F23208951FD12B41 /* RecommendDetailView.swift */ = {isa = PBXFileReference; includeInIndex = 1; lastKnownFileType = sourcecode.swift; path = RecommendDetailView.swift; sourceTree = "<group>"; };
		F271D9A6EF2D4E9A186E7257 /* LibraryView.swift */ = {isa = PBXFileReference; includeInIndex = 1; lastKnownFileType = sourcecode.swift; path = LibraryView.swift; sourceTree = "<group>"; };
		F3A1AD2D738C0DBC1BC36F36 /* LaunchExperienceView.swift */ = {isa = PBXFileReference; includeInIndex = 1; lastKnownFileType = sourcecode.swift; path = LaunchExperienceView.swift; sourceTree = "<group>"; };
		F582EDAA1F09FBC0E40B9BAD /* JSBridgeProtocol.swift */ = {isa = PBXFileReference; includeInIndex = 1; lastKnownFileType = sourcecode.swift; path = JSBridgeProtocol.swift; sourceTree = "<group>"; };
		F61C3F2412594C11D792D0C3 /* CloudSyncStore.swift */ = {isa = PBXFileReference; includeInIndex = 1; lastKnownFileType = sourcecode.swift; path = CloudSyncStore.swift; sourceTree = "<group>"; };
		F679D244A976124083D48A46 /* UserProfileService.swift */ = {isa = PBXFileReference; includeInIndex = 1; lastKnownFileType = sourcecode.swift; path = UserProfileService.swift; sourceTree = "<group>"; };
/* End PBXFileReference section */

/* Begin PBXFrameworksBuildPhase section */
		ADC2883D135A1A20B13E2850 /* Frameworks */ = {
			isa = PBXFrameworksBuildPhase;
			buildActionMask = 2147483647;
			files = (
				0B440ED7ED65FD45052E220B /* Foundation.framework in Frameworks */,
				048E28D234B52FC13192A616 /* Alamofire in Frameworks */,
				891F218BDDFDFCFED5D274B1 /* SwiftyJSON in Frameworks */,
				D89237926571B669998D6525 /* ZIPFoundation in Frameworks */,
			);
			runOnlyForDeploymentPostprocessing = 0;
		};
/* End PBXFrameworksBuildPhase section */

/* Begin PBXGroup section */
		0A76D3251EC967F9EEFFF541 /* Lifecycle */ = {
			isa = PBXGroup;
			children = (
				8D8D018FF7B65F5D2901B48B /* GameLaunchCoordinator.swift */,
				46FA538A7DDEDB83D3FC8930 /* RuntimeUpdateStateStore.swift */,
				4CAE1EE3E4F0ABADB7C6C08B /* UpdateCheckService.swift */,
			);
			name = Lifecycle;
			path = Lifecycle;
			sourceTree = "<group>";
		};
		219A9ABF6197E9E69721C168 /* Views */ = {
			isa = PBXGroup;
			children = (
				2ADD446D41C6B70AA2C8A707 /* GameListView.swift */,
				89E129FCD55504B04C808780 /* GameView.swift */,
			);
			name = Views;
			path = Views;
			sourceTree = "<group>";
		};
		228D68D9B1F7605243ACC46B /* Bridge */ = {
			isa = PBXGroup;
			children = (
				00F0D6EAF432E9609662DD18 /* NexusBridge.swift */,
			);
			name = Bridge;
			path = Bridge;
			sourceTree = "<group>";
		};
		375B6E1B5E92147E6C83C385 /* Shared */ = {
			isa = PBXGroup;
			children = (
				8E77CBBF63F82E920FB44593 /* Models */,
				75D79C086FA6DDC05C769C74 /* PasswordVisibilityField.swift */,
			);
			name = Shared;
			path = Shared;
			sourceTree = "<group>";
		};
		3AC68F5B010E46F37DC5E737 /* iOS */ = {
			isa = PBXGroup;
			children = (
				A2AEFAEDC7C9BFF88C343C5A /* Foundation.framework */,
			);
			name = iOS;
			sourceTree = "<group>";
		};
		3C907B78A9BEBC31A9210378 /* NexusPlatformApp */ = {
			isa = PBXGroup;
			children = (
				9752FC36BE02B18ECC93CB14 /* Info.plist */,
			);
			name = NexusPlatformApp;
			path = NexusPlatformApp;
			sourceTree = "<group>";
		};
		3E2C87BB7298F681B244B465 /* Sources */ = {
			isa = PBXGroup;
			children = (
				5AAD8DE4D7286D39D9C57BFA /* NexusPlatform */,
			);
			name = Sources;
			path = Sources;
			sourceTree = "<group>";
		};
		444C828D4BB3A01FBEB57052 /* GameDetail */ = {
			isa = PBXGroup;
			children = (
				3D0B7CD28E71AA50471ADC6F /* GameDetailView.swift */,
				9FF754C1131C4E2BA4F128D2 /* GameDetailViewModel.swift */,
			);
			name = GameDetail;
			path = GameDetail;
			sourceTree = "<group>";
		};
		4BBDBD22EAC01735BE33D57D /* Launch */ = {
			isa = PBXGroup;
			children = (
				F3A1AD2D738C0DBC1BC36F36 /* LaunchExperienceView.swift */,
			);
			name = Launch;
			path = Launch;
			sourceTree = "<group>";
		};
		5AAD8DE4D7286D39D9C57BFA /* NexusPlatform */ = {
			isa = PBXGroup;
			children = (
				A3652886B50F89AC34DC3FD9 /* API */,
				42C43D27257375414D6A641B /* App.swift */,
				228D68D9B1F7605243ACC46B /* Bridge */,
				D67E29821206E6D354F128BE /* Core */,
				8F93D9E4AF4FF007577B9504 /* Features */,
				836610AD902AA6BFA9A0C116 /* Runtime */,
				375B6E1B5E92147E6C83C385 /* Shared */,
				D07407C1C71722161F3B1533 /* Utils */,
				219A9ABF6197E9E69721C168 /* Views */,
			);
			name = NexusPlatform;
			path = NexusPlatform;
			sourceTree = "<group>";
		};
		659455396924317732E6FBDA /* SchemeHandler */ = {
			isa = PBXGroup;
			children = (
				130228AE1F12ED7ACD17C1A0 /* MIMETypeResolver.swift */,
				A922D3089F5C3856E574AB0D /* NexusSchemeHandler.swift */,
				B3762627FD8C50ACF68B3218 /* SandboxFileResolver.swift */,
			);
			name = SchemeHandler;
			path = SchemeHandler;
			sourceTree = "<group>";
		};
		75348286C1D1545E5B8AEB1B /* APIs */ = {
			isa = PBXGroup;
			children = (
				3DDDDEB069AE27A9399D478E /* DefaultBridgeAPIs.swift */,
			);
			name = APIs;
			path = APIs;
			sourceTree = "<group>";
		};
		75E5B3E5E32695C82F6020AD /* Recommend */ = {
			isa = PBXGroup;
			children = (
				E953D249F23208951FD12B41 /* RecommendDetailView.swift */,
				CE09A8191764882DE227734E /* RecommendModels.swift */,
				97D98CE9F721A90F2AFC5C64 /* RecommendService.swift */,
				2F55BFC217640EC12AE2E995 /* RecommendView.swift */,
				5945373D56FDE0758ADD1323 /* RecommendViewModel.swift */,
			);
			name = Recommend;
			path = Recommend;
			sourceTree = "<group>";
		};
		836610AD902AA6BFA9A0C116 /* Runtime */ = {
			isa = PBXGroup;
			children = (
				CA6D1B16852E8C452B46F584 /* Bridge */,
				DFF4EF902D0C1558B0AE3CC5 /* CapsuleMenu */,
				0A76D3251EC967F9EEFFF541 /* Lifecycle */,
				659455396924317732E6FBDA /* SchemeHandler */,
				FA488AA7FB4D20308FBE480B /* WebView */,
			);
			name = Runtime;
			path = Runtime;
			sourceTree = "<group>";
		};
		8E77CBBF63F82E920FB44593 /* Models */ = {
			isa = PBXGroup;
			children = (
				0808A7391CDEB056A4DE7858 /* Game.swift */,
			);
			name = Models;
			path = Models;
			sourceTree = "<group>";
		};
		8F93D9E4AF4FF007577B9504 /* Features */ = {
			isa = PBXGroup;
			children = (
				B739F56C77BE9413D0D67CC3 /* Auth */,
				E03C1FFF2E4558778D4FD35A /* Discover */,
				444C828D4BB3A01FBEB57052 /* GameDetail */,
				4BBDBD22EAC01735BE33D57D /* Launch */,
				BA138BF10C7C842C3CCC699E /* Library */,
				962BD6A621A2111279C787C7 /* Profile */,
				75E5B3E5E32695C82F6020AD /* Recommend */,
			);
			name = Features;
			path = Features;
			sourceTree = "<group>";
		};
		962BD6A621A2111279C787C7 /* Profile */ = {
			isa = PBXGroup;
			children = (
				B5F0A911B8FC7C15E8E168C8 /* AccountSecurityView.swift */,
				0144343B14DBA07C9186DD2B /* BillingDetailView.swift */,
				54D6977E737ED401683C9E1A /* ProfileView.swift */,
				980833980A939E91CE599063 /* ProfileViewModel.swift */,
				2FFD8CDD6346F9F65A079B50 /* ReceiptPageView.swift */,
				9C25C521AAAC415B46C49876 /* ReferralView.swift */,
			);
			name = Profile;
			path = Profile;
			sourceTree = "<group>";
		};
		A3652886B50F89AC34DC3FD9 /* API */ = {
			isa = PBXGroup;
			children = (
				3BBCBCD9B796DF65675FA8C9 /* ApiHandler.swift */,
				8B6808F6B643937025666BB4 /* NetworkApis.swift */,
				D051EDFDBB696E9FC4534408 /* OtherApis.swift */,
				2D4B31C9EE0480B60B10486B /* StorageApi.swift */,
				A9B6CF06E2F2A00E4D3D7FC8 /* SystemApis.swift */,
				3C7E97926027BFEB0B2683FF /* UnsupportedApi.swift */,
			);
			name = API;
			path = API;
			sourceTree = "<group>";
		};
		A7670AE161DF3BB9CA772516 /* Frameworks */ = {
			isa = PBXGroup;
			children = (
				3AC68F5B010E46F37DC5E737 /* iOS */,
			);
			name = Frameworks;
			sourceTree = "<group>";
		};
		AA68C24BBEBD21443A40DACA /* Products */ = {
			isa = PBXGroup;
			children = (
				1BA6783903E7B7BBF58E887D /* NexusPlatformApp.app */,
			);
			name = Products;
			sourceTree = "<group>";
		};
		B4E54CCC0AE73C64BF70934F /* Storage */ = {
			isa = PBXGroup;
			children = (
				E14B2B042DB8E60154125CDD /* GameStorageManagerProtocol.swift */,
				1141480F3BF8806C474DB741 /* LocalGameMetadataResolver.swift */,
				B257875D65025DC5613C2075 /* VersionedGameStorageManager.swift */,
			);
			name = Storage;
			path = Storage;
			sourceTree = "<group>";
		};
		B739F56C77BE9413D0D67CC3 /* Auth */ = {
			isa = PBXGroup;
			children = (
				9A8FD45942922235420E2507 /* AuthFlowView.swift */,
				E27FCE26A5905D8B6E9B6091 /* AuthGateLaunchLink.swift */,
			);
			name = Auth;
			path = Auth;
			sourceTree = "<group>";
		};
		BA138BF10C7C842C3CCC699E /* Library */ = {
			isa = PBXGroup;
			children = (
				273AA64402BB797DA160C40E /* LibrarySectionListView.swift */,
				F271D9A6EF2D4E9A186E7257 /* LibraryView.swift */,
				B8AE0F92472AAC76771A6DA9 /* LibraryViewModel.swift */,
			);
			name = Library;
			path = Library;
			sourceTree = "<group>";
		};
		BF7A8BB69C2B3B9A4E983827 /* Security */ = {
			isa = PBXGroup;
			children = (
			);
			name = Security;
			path = Security;
			sourceTree = "<group>";
		};
		C9D305100D745A6BA8EE7A72 /* NexusPlatform */ = {
			isa = PBXGroup;
			children = (
				3E2C87BB7298F681B244B465 /* Sources */,
			);
			name = NexusPlatform;
			path = NexusPlatform;
			sourceTree = "<group>";
		};
		CA6D1B16852E8C452B46F584 /* Bridge */ = {
			isa = PBXGroup;
			children = (
				75348286C1D1545E5B8AEB1B /* APIs */,
				9F094736DB77A87FC7FB7F5D /* JSBridge.swift */,
				F582EDAA1F09FBC0E40B9BAD /* JSBridgeProtocol.swift */,
			);
			name = Bridge;
			path = Bridge;
			sourceTree = "<group>";
		};
		CD2F3F29CED816CE1290A1FF /* Network */ = {
			isa = PBXGroup;
			children = (
				C5AD134CA96BD24EC16C442C /* AuthService.swift */,
				2B08595C8DAAF7A28859E96F /* BackendAPIClient.swift */,
				7908BE5C04D03549BC4FACC5 /* BillingService.swift */,
				140C6AE8EDF04687EB605717 /* DeviceSessionService.swift */,
				531D901EBA5993AE3A0EE8BA /* DiscoverHomeService.swift */,
				8E9EE1B9CC8C5E51750133C4 /* GameCatalogService.swift */,
				65561184B3D5D89177EEDAAF /* GameRuntimeProfileService.swift */,
				4AD3A946820287FD9DFA8FCC /* LegalConfigService.swift */,
				151EAF82E9EF87C9B13F2101 /* LibraryHomeService.swift */,
				7FB22EBDEA52F2D813C3A546 /* ReferralService.swift */,
				F679D244A976124083D48A46 /* UserProfileService.swift */,
				B47E6CA6706A152E5550A2A4 /* WalletService.swift */,
			);
			name = Network;
			path = Network;
			sourceTree = "<group>";
		};
		D072B84E30EDF12D3CED1E83 /* Persistence */ = {
			isa = PBXGroup;
			children = (
				992740077A5AB7DB41B8337B /* AppLanguageStore.swift */,
				52BFBFB5DE5195EA0C4CBD0B /* AppLaunchStore.swift */,
				66B8A46E55E8315D981AA16F /* AuthSessionStore.swift */,
				F61C3F2412594C11D792D0C3 /* CloudSyncStore.swift */,
				822881CF881AE495BE32F81A /* GameEngagementStore.swift */,
			);
			name = Persistence;
			path = Persistence;
			sourceTree = "<group>";
		};
		D07407C1C71722161F3B1533 /* Utils */ = {
			isa = PBXGroup;
			children = (
				3ADC38F6E86FEB5C61B32BBA /* GameManager.swift */,
			);
			name = Utils;
			path = Utils;
			sourceTree = "<group>";
		};
		D5BF87FBFCB26D7F9053E58F = {
			isa = PBXGroup;
			children = (
				AA68C24BBEBD21443A40DACA /* Products */,
				A7670AE161DF3BB9CA772516 /* Frameworks */,
				C9D305100D745A6BA8EE7A72 /* NexusPlatform */,
				3C907B78A9BEBC31A9210378 /* NexusPlatformApp */,
			);
			sourceTree = "<group>";
		};
		D67E29821206E6D354F128BE /* Core */ = {
			isa = PBXGroup;
			children = (
				CD2F3F29CED816CE1290A1FF /* Network */,
				D072B84E30EDF12D3CED1E83 /* Persistence */,
				BF7A8BB69C2B3B9A4E983827 /* Security */,
				B4E54CCC0AE73C64BF70934F /* Storage */,
				EAECDABC7C73022E35853DAA /* Theme */,
			);
			name = Core;
			path = Core;
			sourceTree = "<group>";
		};
		DFF4EF902D0C1558B0AE3CC5 /* CapsuleMenu */ = {
			isa = PBXGroup;
			children = (
				70B0AAECAEADC8EDA7C22DF0 /* CapsuleMenuOverlay.swift */,
			);
			name = CapsuleMenu;
			path = CapsuleMenu;
			sourceTree = "<group>";
		};
		E03C1FFF2E4558778D4FD35A /* Discover */ = {
			isa = PBXGroup;
			children = (
				26715E16229C07B7F980F4E1 /* DiscoverRankingView.swift */,
				E1F85B3537A7954986DCB9E7 /* DiscoverView.swift */,
				714B1699CD6574FC657065C4 /* DiscoverViewModel.swift */,
			);
			name = Discover;
			path = Discover;
			sourceTree = "<group>";
		};
		EAECDABC7C73022E35853DAA /* Theme */ = {
			isa = PBXGroup;
			children = (
				9922557113417F9A63C8D623 /* AppTheme.swift */,
			);
			name = Theme;
			path = Theme;
			sourceTree = "<group>";
		};
		FA488AA7FB4D20308FBE480B /* WebView */ = {
			isa = PBXGroup;
			children = (
				B9780E3DC022BF735F7F9007 /* GameWebView.swift */,
				863D8B431E1DD97C75EBD7FF /* WebViewConfigBuilder.swift */,
			);
			name = WebView;
			path = WebView;
			sourceTree = "<group>";
		};
/* End PBXGroup section */

/* Begin PBXNativeTarget section */
		125EBAF7DED5B895D82E5B93 /* NexusPlatformApp */ = {
			isa = PBXNativeTarget;
			buildConfigurationList = 70507BCC628AD89B95B268EE /* Build configuration list for PBXNativeTarget "NexusPlatformApp" */;
			buildPhases = (
				D65232C6F8B2EE46B6556316 /* Sources */,
				ADC2883D135A1A20B13E2850 /* Frameworks */,
				7394FD17DB2BC7C70A87BA3B /* Resources */,
			);
			buildRules = (
			);
			dependencies = (
				12F2EE52E320D1299DE3A239 /* PBXTargetDependency */,
				10E4C590147280BFE98EC31C /* PBXTargetDependency */,
				4855BBDD1A0585C91DA7C62C /* PBXTargetDependency */,
			);
			name = NexusPlatformApp;
			packageProductDependencies = (
				42F78FDB00BC9A4CB52416ED /* Alamofire */,
				2706E93C5E40F2D61BFE3697 /* SwiftyJSON */,
				9DF794F41F41BCAE9CB2008A /* ZIPFoundation */,
			);
			productName = NexusPlatformApp;
			productReference = 1BA6783903E7B7BBF58E887D /* NexusPlatformApp.app */;
			productType = "com.apple.product-type.application";
		};
/* End PBXNativeTarget section */

/* Begin PBXProject section */
		68FFCCFC4606B6E4E53B80CD /* Project object */ = {
			isa = PBXProject;
			attributes = {
				LastSwiftUpdateCheck = 1600;
				LastUpgradeCheck = 2600;
				TargetAttributes = {
					125EBAF7DED5B895D82E5B93 = {
						CreatedOnToolsVersion = 26.4;
						ProvisioningStyle = Automatic;
					};
				};
			};
			buildConfigurationList = 23EF6B47628E8FC8D143B296 /* Build configuration list for PBXProject "NexusPlatformApp" */;
			compatibilityVersion = "Xcode 3.2";
			developmentRegion = en;
			hasScannedForEncodings = 0;
			knownRegions = (
				en,
				Base,
			);
			mainGroup = D5BF87FBFCB26D7F9053E58F;
			minimizedProjectReferenceProxies = 0;
			packageReferences = (
				50838010F971B405881028B8 /* XCLocalSwiftPackageReference "Alamofire" */,
				168C2896A68B6ED94F9FD6E8 /* XCLocalSwiftPackageReference "SwiftyJSON" */,
				33B1F834EEBF3698C52EFEDB /* XCLocalSwiftPackageReference "ZIPFoundation" */,
			);
			preferredProjectObjectVersion = 77;
			productRefGroup = AA68C24BBEBD21443A40DACA /* Products */;
			projectDirPath = "";
			projectRoot = "";
			targets = (
				125EBAF7DED5B895D82E5B93 /* NexusPlatformApp */,
			);
		};
/* End PBXProject section */

/* Begin PBXResourcesBuildPhase section */
		7394FD17DB2BC7C70A87BA3B /* Resources */ = {
			isa = PBXResourcesBuildPhase;
			buildActionMask = 2147483647;
			files = (
			);
			runOnlyForDeploymentPostprocessing = 0;
		};
/* End PBXResourcesBuildPhase section */

/* Begin PBXSourcesBuildPhase section */
		D65232C6F8B2EE46B6556316 /* Sources */ = {
			isa = PBXSourcesBuildPhase;
			buildActionMask = 2147483647;
			files = (
				F6404DC4939078188058DD58 /* ApiHandler.swift in Sources */,
				90724EDB92CEE979AB0E05C1 /* NetworkApis.swift in Sources */,
				3DDF9CC5B7CF54F13C1C3CC1 /* OtherApis.swift in Sources */,
				64229144D8931867595C6DA3 /* StorageApi.swift in Sources */,
				1A7CF2459D2F76082922CE9C /* SystemApis.swift in Sources */,
				3EB6F7B41C759B63DCA6DFD3 /* UnsupportedApi.swift in Sources */,
				CE9FE39F5CBD53F51C263926 /* NexusBridge.swift in Sources */,
				C36EF3A632ED29A37A8A409D /* AuthService.swift in Sources */,
				1689D0EB5EBBFDFF9658BEE8 /* BackendAPIClient.swift in Sources */,
				D5999153364B5F496938B3EC /* BillingService.swift in Sources */,
				4ABD7249C8C8E648BE903EB3 /* DeviceSessionService.swift in Sources */,
				829D16124705424DE1CD67D6 /* DiscoverHomeService.swift in Sources */,
				2AC80A5F654AB7043E3E6DCF /* GameCatalogService.swift in Sources */,
				3A453DFD946805EC11000FBE /* GameRuntimeProfileService.swift in Sources */,
				B19B772274988D2D0E4CA9EC /* LegalConfigService.swift in Sources */,
				D08D3CE55ACC078BC7BBC831 /* LibraryHomeService.swift in Sources */,
				89B52EAE04B5E9BDF1687FD6 /* ReferralService.swift in Sources */,
				831C47FE00101D52BA867601 /* UserProfileService.swift in Sources */,
				DC083047B3D9BDC8631B7BD8 /* WalletService.swift in Sources */,
				C502DE6AA8AC408D3D1191B3 /* AppLanguageStore.swift in Sources */,
				BCC87D1CC2004AEF3BEC72B8 /* AppLaunchStore.swift in Sources */,
				7FE413AD0BA825F9CA87D270 /* AuthSessionStore.swift in Sources */,
				268ADC1F677A5E7885478415 /* CloudSyncStore.swift in Sources */,
				8BAF279C335872210E2D2CAC /* GameEngagementStore.swift in Sources */,
				3C8CE57F730B431E2A8EA329 /* GameStorageManagerProtocol.swift in Sources */,
				B75E91E728785CA7641F4578 /* LocalGameMetadataResolver.swift in Sources */,
				F847C586D13543E8FC2585C2 /* VersionedGameStorageManager.swift in Sources */,
				6AC7F11DE44A5597EFD6E921 /* AppTheme.swift in Sources */,
				6E7E6E77546CFC35496B7D4D /* AuthFlowView.swift in Sources */,
				84432EB39BFA99017FD32530 /* AuthGateLaunchLink.swift in Sources */,
				A46B73CD6ABEB1DB8520AFCB /* DiscoverRankingView.swift in Sources */,
				48CF73CF4F73BCF14E1527C3 /* DiscoverView.swift in Sources */,
				DEEC1D5FA63836BCBED27BE5 /* DiscoverViewModel.swift in Sources */,
				44BFE542D049527FCD670932 /* GameDetailView.swift in Sources */,
				6A1B989787EE27625366E1ED /* GameDetailViewModel.swift in Sources */,
				7473C7F94E87081F8D9F8A17 /* LaunchExperienceView.swift in Sources */,
				048CF37A08D3894B81447366 /* LibrarySectionListView.swift in Sources */,
				6D380BE405AA4ED2AF80D62C /* LibraryView.swift in Sources */,
				BA23D11E35C2BAE5F3D9D07E /* LibraryViewModel.swift in Sources */,
				96A7CE6DF37A946C15C04BFD /* AccountSecurityView.swift in Sources */,
				C42FF2A73EF5FD3DA935CBAF /* BillingDetailView.swift in Sources */,
				CB39FA40F3DE170DBEB62A16 /* ProfileView.swift in Sources */,
				15E241DDA3CBBDC19F5E74F0 /* ProfileViewModel.swift in Sources */,
				C4B625556B9BB14994EFC3FA /* ReceiptPageView.swift in Sources */,
				8CB68AF61AF6ED11D27EAB40 /* ReferralView.swift in Sources */,
				5F784D8BE8FFADFA23C0C1F5 /* RecommendDetailView.swift in Sources */,
				11B87ECA7BBDEF8A694E4A5F /* RecommendModels.swift in Sources */,
				962B9244393AEBDA5E8D89A6 /* RecommendService.swift in Sources */,
				EC0987DDB5766C988E46CBF1 /* RecommendView.swift in Sources */,
				2040B1E7175D1DC9692CE8D1 /* RecommendViewModel.swift in Sources */,
				AC5A2B8E69CD2D8353DAF07E /* DefaultBridgeAPIs.swift in Sources */,
				48C7B424911D5D24AB9A6118 /* JSBridge.swift in Sources */,
				F8512952E0A51B1C23952BEF /* JSBridgeProtocol.swift in Sources */,
				2310C236BF83BE584CEC90F4 /* CapsuleMenuOverlay.swift in Sources */,
				2FFFD30948148B51FB6BEE87 /* GameLaunchCoordinator.swift in Sources */,
				F4301680554CC16C0C144C1A /* RuntimeUpdateStateStore.swift in Sources */,
				60E051B3CEE97E6B6C268577 /* UpdateCheckService.swift in Sources */,
				A0FB4D70CBC35554580A4AD6 /* MIMETypeResolver.swift in Sources */,
				BC4F80A0EB62770A8DB8B464 /* NexusSchemeHandler.swift in Sources */,
				D11000224671A90B7176F070 /* SandboxFileResolver.swift in Sources */,
				962473E71DE4A34F2B98B8B0 /* GameWebView.swift in Sources */,
				DFFCACE5D5623CF6D48529EE /* WebViewConfigBuilder.swift in Sources */,
				AFE7CC7D70FC91D029927B49 /* Game.swift in Sources */,
				4F0A820306C5F5C597F80FB1 /* PasswordVisibilityField.swift in Sources */,
				F93203DF19856F101D3661F7 /* GameManager.swift in Sources */,
				46E7541EEBA2866CAECEFBBA /* GameListView.swift in Sources */,
				0451D8D20DFF5B39CD82D4B0 /* GameView.swift in Sources */,
				C4A4966B66BC7046233CDAD2 /* App.swift in Sources */,
			);
			runOnlyForDeploymentPostprocessing = 0;
		};
/* End PBXSourcesBuildPhase section */

/* Begin PBXTargetDependency section */
		10E4C590147280BFE98EC31C /* PBXTargetDependency */ = {
			isa = PBXTargetDependency;
			productRef = 2706E93C5E40F2D61BFE3697 /* SwiftyJSON */;
		};
		12F2EE52E320D1299DE3A239 /* PBXTargetDependency */ = {
			isa = PBXTargetDependency;
			productRef = 42F78FDB00BC9A4CB52416ED /* Alamofire */;
		};
		4855BBDD1A0585C91DA7C62C /* PBXTargetDependency */ = {
			isa = PBXTargetDependency;
			productRef = 9DF794F41F41BCAE9CB2008A /* ZIPFoundation */;
		};
/* End PBXTargetDependency section */

/* Begin XCBuildConfiguration section */
		01AD6F2A45D10F2D04BD4C82 /* Release */ = {
			isa = XCBuildConfiguration;
			buildSettings = {
				ALWAYS_SEARCH_USER_PATHS = NO;
				CLANG_ANALYZER_NONNULL = YES;
				CLANG_ANALYZER_NUMBER_OBJECT_CONVERSION = YES_AGGRESSIVE;
				CLANG_CXX_LANGUAGE_STANDARD = "gnu++14";
				CLANG_CXX_LIBRARY = "libc++";
				CLANG_ENABLE_MODULES = YES;
				CLANG_ENABLE_OBJC_ARC = YES;
				CLANG_ENABLE_OBJC_WEAK = YES;
				CLANG_WARN_BLOCK_CAPTURE_AUTORELEASING = YES;
				CLANG_WARN_BOOL_CONVERSION = YES;
				CLANG_WARN_COMMA = YES;
				CLANG_WARN_CONSTANT_CONVERSION = YES;
				CLANG_WARN_DEPRECATED_OBJC_IMPLEMENTATIONS = YES;
				CLANG_WARN_DIRECT_OBJC_ISA_USAGE = YES_ERROR;
				CLANG_WARN_DOCUMENTATION_COMMENTS = YES;
				CLANG_WARN_EMPTY_BODY = YES;
				CLANG_WARN_ENUM_CONVERSION = YES;
				CLANG_WARN_INFINITE_RECURSION = YES;
				CLANG_WARN_INT_CONVERSION = YES;
				CLANG_WARN_NON_LITERAL_NULL_CONVERSION = YES;
				CLANG_WARN_OBJC_IMPLICIT_RETAIN_SELF = YES;
				CLANG_WARN_OBJC_LITERAL_CONVERSION = YES;
				CLANG_WARN_OBJC_ROOT_CLASS = YES_ERROR;
				CLANG_WARN_QUOTED_INCLUDE_IN_FRAMEWORK_HEADER = YES;
				CLANG_WARN_RANGE_LOOP_ANALYSIS = YES;
				CLANG_WARN_STRICT_PROTOTYPES = YES;
				CLANG_WARN_SUSPICIOUS_MOVE = YES;
				CLANG_WARN_UNGUARDED_AVAILABILITY = YES_AGGRESSIVE;
				CLANG_WARN_UNREACHABLE_CODE = YES;
				CLANG_WARN__DUPLICATE_METHOD_MATCH = YES;
				COPY_PHASE_STRIP = NO;
				DEBUG_INFORMATION_FORMAT = "dwarf-with-dsym";
				ENABLE_NS_ASSERTIONS = NO;
				ENABLE_STRICT_OBJC_MSGSEND = YES;
				GCC_C_LANGUAGE_STANDARD = gnu11;
				GCC_NO_COMMON_BLOCKS = YES;
				GCC_WARN_64_TO_32_BIT_CONVERSION = YES;
				GCC_WARN_ABOUT_RETURN_TYPE = YES_ERROR;
				GCC_WARN_UNDECLARED_SELECTOR = YES;
				GCC_WARN_UNINITIALIZED_AUTOS = YES_AGGRESSIVE;
				GCC_WARN_UNUSED_FUNCTION = YES;
				GCC_WARN_UNUSED_VARIABLE = YES;
				IPHONEOS_DEPLOYMENT_TARGET = 18.0;
				MTL_ENABLE_DEBUG_INFO = NO;
				MTL_FAST_MATH = YES;
				PRODUCT_NAME = "$(TARGET_NAME)";
				SWIFT_COMPILATION_MODE = wholemodule;
				SWIFT_OPTIMIZATION_LEVEL = "-O";
				SWIFT_VERSION = 5.0;
			};
			name = Release;
		};
		3FC08CEE2FB6A0F76010FBBA /* Debug */ = {
			isa = XCBuildConfiguration;
			buildSettings = {
				ASSETCATALOG_COMPILER_APPICON_NAME = "";
				ASSETCATALOG_COMPILER_GENERATE_SWIFT_ASSET_SYMBOL_EXTENSIONS = NO;
				ASSETCATALOG_COMPILER_GLOBAL_ACCENT_COLOR_NAME = AccentColor;
				CLANG_ENABLE_OBJC_WEAK = NO;
				CODE_SIGN_STYLE = Automatic;
				CURRENT_PROJECT_VERSION = 1;
				GENERATE_INFOPLIST_FILE = NO;
				INFOPLIST_FILE = NexusPlatformApp/Info.plist;
				IPHONEOS_DEPLOYMENT_TARGET = 18.0;
				LD_RUNPATH_SEARCH_PATHS = "$(inherited) @executable_path/Frameworks";
				MARKETING_VERSION = 1.0;
				PLATFORM_API_BASE_URL = "";
				PRODUCT_BUNDLE_IDENTIFIER = com.nexusplatform.apple.host;
				PRODUCT_NAME = NexusPlatformApp;
				SDKROOT = iphoneos;
				SWIFT_VERSION = 5.0;
				TARGETED_DEVICE_FAMILY = "1,2";
			};
			name = Debug;
		};
		42EBF6DC271A54826F4B54A1 /* Release */ = {
			isa = XCBuildConfiguration;
			buildSettings = {
				ASSETCATALOG_COMPILER_APPICON_NAME = "";
				ASSETCATALOG_COMPILER_GENERATE_SWIFT_ASSET_SYMBOL_EXTENSIONS = NO;
				ASSETCATALOG_COMPILER_GLOBAL_ACCENT_COLOR_NAME = AccentColor;
				CLANG_ENABLE_OBJC_WEAK = NO;
				CODE_SIGN_STYLE = Automatic;
				CURRENT_PROJECT_VERSION = 1;
				GENERATE_INFOPLIST_FILE = NO;
				INFOPLIST_FILE = NexusPlatformApp/Info.Release.plist;
				IPHONEOS_DEPLOYMENT_TARGET = 18.0;
				LD_RUNPATH_SEARCH_PATHS = "$(inherited) @executable_path/Frameworks";
				MARKETING_VERSION = 1.0;
				PLATFORM_API_BASE_URL = "";
				PRODUCT_BUNDLE_IDENTIFIER = com.nexusplatform.apple.host;
				PRODUCT_NAME = NexusPlatformApp;
				SDKROOT = iphoneos;
				SWIFT_VERSION = 5.0;
				TARGETED_DEVICE_FAMILY = "1,2";
				VALIDATE_PRODUCT = YES;
			};
			name = Release;
		};
		9AB500E9054644A79AED205D /* Debug */ = {
			isa = XCBuildConfiguration;
			buildSettings = {
				ALWAYS_SEARCH_USER_PATHS = NO;
				CLANG_ANALYZER_NONNULL = YES;
				CLANG_ANALYZER_NUMBER_OBJECT_CONVERSION = YES_AGGRESSIVE;
				CLANG_CXX_LANGUAGE_STANDARD = "gnu++14";
				CLANG_CXX_LIBRARY = "libc++";
				CLANG_ENABLE_MODULES = YES;
				CLANG_ENABLE_OBJC_ARC = YES;
				CLANG_ENABLE_OBJC_WEAK = YES;
				CLANG_WARN_BLOCK_CAPTURE_AUTORELEASING = YES;
				CLANG_WARN_BOOL_CONVERSION = YES;
				CLANG_WARN_COMMA = YES;
				CLANG_WARN_CONSTANT_CONVERSION = YES;
				CLANG_WARN_DEPRECATED_OBJC_IMPLEMENTATIONS = YES;
				CLANG_WARN_DIRECT_OBJC_ISA_USAGE = YES_ERROR;
				CLANG_WARN_DOCUMENTATION_COMMENTS = YES;
				CLANG_WARN_EMPTY_BODY = YES;
				CLANG_WARN_ENUM_CONVERSION = YES;
				CLANG_WARN_INFINITE_RECURSION = YES;
				CLANG_WARN_INT_CONVERSION = YES;
				CLANG_WARN_NON_LITERAL_NULL_CONVERSION = YES;
				CLANG_WARN_OBJC_IMPLICIT_RETAIN_SELF = YES;
				CLANG_WARN_OBJC_LITERAL_CONVERSION = YES;
				CLANG_WARN_OBJC_ROOT_CLASS = YES_ERROR;
				CLANG_WARN_QUOTED_INCLUDE_IN_FRAMEWORK_HEADER = YES;
				CLANG_WARN_RANGE_LOOP_ANALYSIS = YES;
				CLANG_WARN_STRICT_PROTOTYPES = YES;
				CLANG_WARN_SUSPICIOUS_MOVE = YES;
				CLANG_WARN_UNGUARDED_AVAILABILITY = YES_AGGRESSIVE;
				CLANG_WARN_UNREACHABLE_CODE = YES;
				CLANG_WARN__DUPLICATE_METHOD_MATCH = YES;
				COPY_PHASE_STRIP = NO;
				DEBUG_INFORMATION_FORMAT = dwarf;
				ENABLE_STRICT_OBJC_MSGSEND = YES;
				ENABLE_TESTABILITY = YES;
				GCC_C_LANGUAGE_STANDARD = gnu11;
				GCC_DYNAMIC_NO_PIC = NO;
				GCC_NO_COMMON_BLOCKS = YES;
				GCC_OPTIMIZATION_LEVEL = 0;
				GCC_PREPROCESSOR_DEFINITIONS = (
					"DEBUG=1",
					"$(inherited)",
				);
				GCC_WARN_64_TO_32_BIT_CONVERSION = YES;
				GCC_WARN_ABOUT_RETURN_TYPE = YES_ERROR;
				GCC_WARN_UNDECLARED_SELECTOR = YES;
				GCC_WARN_UNINITIALIZED_AUTOS = YES_AGGRESSIVE;
				GCC_WARN_UNUSED_FUNCTION = YES;
				GCC_WARN_UNUSED_VARIABLE = YES;
				IPHONEOS_DEPLOYMENT_TARGET = 18.0;
				MTL_ENABLE_DEBUG_INFO = INCLUDE_SOURCE;
				MTL_FAST_MATH = YES;
				ONLY_ACTIVE_ARCH = YES;
				PRODUCT_NAME = "$(TARGET_NAME)";
				SWIFT_ACTIVE_COMPILATION_CONDITIONS = DEBUG;
				SWIFT_OPTIMIZATION_LEVEL = "-Onone";
				SWIFT_VERSION = 5.0;
			};
			name = Debug;
		};
/* End XCBuildConfiguration section */

/* Begin XCConfigurationList section */
		23EF6B47628E8FC8D143B296 /* Build configuration list for PBXProject "NexusPlatformApp" */ = {
			isa = XCConfigurationList;
			buildConfigurations = (
				9AB500E9054644A79AED205D /* Debug */,
				01AD6F2A45D10F2D04BD4C82 /* Release */,
			);
			defaultConfigurationIsVisible = 0;
			defaultConfigurationName = Release;
		};
		70507BCC628AD89B95B268EE /* Build configuration list for PBXNativeTarget "NexusPlatformApp" */ = {
			isa = XCConfigurationList;
			buildConfigurations = (
				42EBF6DC271A54826F4B54A1 /* Release */,
				3FC08CEE2FB6A0F76010FBBA /* Debug */,
			);
			defaultConfigurationIsVisible = 0;
			defaultConfigurationName = Release;
		};
/* End XCConfigurationList section */

/* Begin XCLocalSwiftPackageReference section */
		168C2896A68B6ED94F9FD6E8 /* XCLocalSwiftPackageReference "SwiftyJSON" */ = {
			isa = XCLocalSwiftPackageReference;
			path = "/Users/apple/Documents/WordSpace/nexus-platform/ios-client/.build/checkouts/SwiftyJSON";
			relativePath = .build/checkouts/SwiftyJSON;
		};
		33B1F834EEBF3698C52EFEDB /* XCLocalSwiftPackageReference "ZIPFoundation" */ = {
			isa = XCLocalSwiftPackageReference;
			path = "/Users/apple/Documents/WordSpace/nexus-platform/ios-client/.build/checkouts/ZIPFoundation";
			relativePath = .build/checkouts/ZIPFoundation;
		};
		50838010F971B405881028B8 /* XCLocalSwiftPackageReference "Alamofire" */ = {
			isa = XCLocalSwiftPackageReference;
			path = "/Users/apple/Documents/WordSpace/nexus-platform/ios-client/.build/checkouts/Alamofire";
			relativePath = .build/checkouts/Alamofire;
		};
/* End XCLocalSwiftPackageReference section */

/* Begin XCSwiftPackageProductDependency section */
		2706E93C5E40F2D61BFE3697 /* SwiftyJSON */ = {
			isa = XCSwiftPackageProductDependency;
			package = 168C2896A68B6ED94F9FD6E8 /* XCLocalSwiftPackageReference "SwiftyJSON" */;
			productName = SwiftyJSON;
		};
		42F78FDB00BC9A4CB52416ED /* Alamofire */ = {
			isa = XCSwiftPackageProductDependency;
			package = 50838010F971B405881028B8 /* XCLocalSwiftPackageReference "Alamofire" */;
			productName = Alamofire;
		};
		9DF794F41F41BCAE9CB2008A /* ZIPFoundation */ = {
			isa = XCSwiftPackageProductDependency;
			package = 33B1F834EEBF3698C52EFEDB /* XCLocalSwiftPackageReference "ZIPFoundation" */;
			productName = ZIPFoundation;
		};
/* End XCSwiftPackageProductDependency section */
	};
	rootObject = 68FFCCFC4606B6E4E53B80CD /* Project object */;
}
